// !$*UTF8*$!
{
	archiveVersion = 1;
	classes = {
	};
	objectVersion = 56;
	objects = {

/* Begin PBXBuildFile section */
		9447F3222AD87FC9004F0B1B /* ListResultTableViewCell.swift in Sources */ = {isa = PBXBuildFile; fileRef = 9447F3202AD87FC8004F0B1B /* ListResultTableViewCell.swift */; };
		9447F3232AD87FC9004F0B1B /* ListResultTableViewCell.xib in Resources */ = {isa = PBXBuildFile; fileRef = 9447F3212AD87FC8004F0B1B /* ListResultTableViewCell.xib */; };
		9447F3252AD8AC43004F0B1B /* ListResultModel.swift in Sources */ = {isa = PBXBuildFile; fileRef = 9447F3242AD8AC43004F0B1B /* ListResultModel.swift */; };
		9447F3272AD8B4A7004F0B1B /* ListResultProtocol.swift in Sources */ = {isa = PBXBuildFile; fileRef = 9447F3262AD8B4A7004F0B1B /* ListResultProtocol.swift */; };
		9447F3292AD8B595004F0B1B /* ListResultRouter.swift in Sources */ = {isa = PBXBuildFile; fileRef = 9447F3282AD8B595004F0B1B /* ListResultRouter.swift */; };
		9447F32B2AD8B61F004F0B1B /* ListResultInteractor.swift in Sources */ = {isa = PBXBuildFile; fileRef = 9447F32A2AD8B61F004F0B1B /* ListResultInteractor.swift */; };
		9447F32D2AD8B62A004F0B1B /* ListResultPresenter.swift in Sources */ = {isa = PBXBuildFile; fileRef = 9447F32C2AD8B62A004F0B1B /* ListResultPresenter.swift */; };
		94C87FEA2AE08AEF00FEA2A4 /* NetworkManager.swift in Sources */ = {isa = PBXBuildFile; fileRef = 94C87FE92AE08AEF00FEA2A4 /* NetworkManager.swift */; };
		94C87FEC2AE08E4900FEA2A4 /* StringsManager.swift in Sources */ = {isa = PBXBuildFile; fileRef = 94C87FEB2AE08E4900FEA2A4 /* StringsManager.swift */; };
		94C87FEE2AE0BC4D00FEA2A4 /* UITextField+Extension.swift in Sources */ = {isa = PBXBuildFile; fileRef = 94C87FED2AE0BC4D00FEA2A4 /* UITextField+Extension.swift */; };
		94C87FF02AE0BC6500FEA2A4 /* Double+Extension.swift in Sources */ = {isa = PBXBuildFile; fileRef = 94C87FEF2AE0BC6500FEA2A4 /* Double+Extension.swift */; };
		94C87FF22AE0BC7400FEA2A4 /* NumberFormmater+Extension.swift in Sources */ = {isa = PBXBuildFile; fileRef = 94C87FF12AE0BC7400FEA2A4 /* NumberFormmater+Extension.swift */; };
		94C87FF42AE0BC8100FEA2A4 /* String+Extension.swift in Sources */ = {isa = PBXBuildFile; fileRef = 94C87FF32AE0BC8100FEA2A4 /* String+Extension.swift */; };
		94C87FF62AE0BC8E00FEA2A4 /* UITableview+Extension.swift in Sources */ = {isa = PBXBuildFile; fileRef = 94C87FF52AE0BC8E00FEA2A4 /* UITableview+Extension.swift */; };
		94C87FF82AE0BC9B00FEA2A4 /* UIImageView+Extension.swift in Sources */ = {isa = PBXBuildFile; fileRef = 94C87FF72AE0BC9B00FEA2A4 /* UIImageView+Extension.swift */; };
		94C87FFE2AE2ED7000FEA2A4 /* DetailArticleViewController.swift in Sources */ = {isa = PBXBuildFile; fileRef = 94C87FFD2AE2ED7000FEA2A4 /* DetailArticleViewController.swift */; };
		94C880002AE2EDE100FEA2A4 /* DetailArticleModel.swift in Sources */ = {isa = PBXBuildFile; fileRef = 94C87FFF2AE2EDE100FEA2A4 /* DetailArticleModel.swift */; };
		94C880022AE2EE4F00FEA2A4 /* DetailArticleProtocol.swift in Sources */ = {isa = PBXBuildFile; fileRef = 94C880012AE2EE4F00FEA2A4 /* DetailArticleProtocol.swift */; };
		94C880042AE2EE7D00FEA2A4 /* DetailArticleRouter.swift in Sources */ = {isa = PBXBuildFile; fileRef = 94C880032AE2EE7D00FEA2A4 /* DetailArticleRouter.swift */; };
		94C880062AE2EEB200FEA2A4 /* DetailArticleInteractor.swift in Sources */ = {isa = PBXBuildFile; fileRef = 94C880052AE2EEB200FEA2A4 /* DetailArticleInteractor.swift */; };
		94C880082AE2EECA00FEA2A4 /* DetailArticlePresenter.swift in Sources */ = {isa = PBXBuildFile; fileRef = 94C880072AE2EECA00FEA2A4 /* DetailArticlePresenter.swift */; };
		94C8800A2AE33DA400FEA2A4 /* DetailArticleViewController.storyboard in Resources */ = {isa = PBXBuildFile; fileRef = 94C880092AE33DA400FEA2A4 /* DetailArticleViewController.storyboard */; };
		94C880162AE346C000FEA2A4 /* meliapp_principalTests.swift in Sources */ = {isa = PBXBuildFile; fileRef = 94C880152AE346C000FEA2A4 /* meliapp_principalTests.swift */; };
		94C880182AE3471800FEA2A4 /* ListResultMocks.swift in Sources */ = {isa = PBXBuildFile; fileRef = 94C880172AE3471800FEA2A4 /* ListResultMocks.swift */; };
		94C8801A2AE3492C00FEA2A4 /* ListResultViewInteractorTests.swift in Sources */ = {isa = PBXBuildFile; fileRef = 94C880192AE3492C00FEA2A4 /* ListResultViewInteractorTests.swift */; };
		94C880202AE34DB500FEA2A4 /* ListResultViewPresenterTests.swift in Sources */ = {isa = PBXBuildFile; fileRef = 94C8801F2AE34DB500FEA2A4 /* ListResultViewPresenterTests.swift */; };
		94C880222AE35B1800FEA2A4 /* ArticleDetailMocks.swift in Sources */ = {isa = PBXBuildFile; fileRef = 94C880212AE35B1800FEA2A4 /* ArticleDetailMocks.swift */; };
		94C880242AE35B2A00FEA2A4 /* ArticleDetailViewInteractorTests.swift in Sources */ = {isa = PBXBuildFile; fileRef = 94C880232AE35B2A00FEA2A4 /* ArticleDetailViewInteractorTests.swift */; };
		94C880262AE35B3C00FEA2A4 /* ArticleDetailViewPresenterTests.swift in Sources */ = {isa = PBXBuildFile; fileRef = 94C880252AE35B3C00FEA2A4 /* ArticleDetailViewPresenterTests.swift */; };
		94CC45142AD5B4EB00A97423 /* AppDelegate.swift in Sources */ = {isa = PBXBuildFile; fileRef = 94CC45132AD5B4EB00A97423 /* AppDelegate.swift */; };
		94CC45162AD5B4EB00A97423 /* SceneDelegate.swift in Sources */ = {isa = PBXBuildFile; fileRef = 94CC45152AD5B4EB00A97423 /* SceneDelegate.swift */; };
		94CC45182AD5B4EB00A97423 /* ViewController.swift in Sources */ = {isa = PBXBuildFile; fileRef = 94CC45172AD5B4EB00A97423 /* ViewController.swift */; };
		94CC451B2AD5B4EB00A97423 /* Main.storyboard in Resources */ = {isa = PBXBuildFile; fileRef = 94CC45192AD5B4EB00A97423 /* Main.storyboard */; };
		94CC451D2AD5B4EE00A97423 /* Assets.xcassets in Resources */ = {isa = PBXBuildFile; fileRef = 94CC451C2AD5B4EE00A97423 /* Assets.xcassets */; };
		94CC45202AD5B4EE00A97423 /* LaunchScreen.storyboard in Resources */ = {isa = PBXBuildFile; fileRef = 94CC451E2AD5B4EE00A97423 /* LaunchScreen.storyboard */; };
		94CC45352AD5B4EE00A97423 /* meliapp_principalUITests.swift in Sources */ = {isa = PBXBuildFile; fileRef = 94CC45342AD5B4EE00A97423 /* meliapp_principalUITests.swift */; };
		94CC45372AD5B4EE00A97423 /* meliapp_principalUITestsLaunchTests.swift in Sources */ = {isa = PBXBuildFile; fileRef = 94CC45362AD5B4EE00A97423 /* meliapp_principalUITestsLaunchTests.swift */; };
		94CC455A2AD8570C00A97423 /* ListResultViewController.storyboard in Resources */ = {isa = PBXBuildFile; fileRef = 94CC45592AD8570C00A97423 /* ListResultViewController.storyboard */; };
		94CC455C2AD8576900A97423 /* ListResultViewController.swift in Sources */ = {isa = PBXBuildFile; fileRef = 94CC455B2AD8576900A97423 /* ListResultViewController.swift */; };
/* End PBXBuildFile section */

/* Begin PBXContainerItemProxy section */
		94CC45272AD5B4EE00A97423 /* PBXContainerItemProxy */ = {
			isa = PBXContainerItemProxy;
			containerPortal = 94CC45082AD5B4EB00A97423 /* Project object */;
			proxyType = 1;
			remoteGlobalIDString = 94CC450F2AD5B4EB00A97423;
			remoteInfo = "meliapp-principal";
		};
		94CC45312AD5B4EE00A97423 /* PBXContainerItemProxy */ = {
			isa = PBXContainerItemProxy;
			containerPortal = 94CC45082AD5B4EB00A97423 /* Project object */;
			proxyType = 1;
			remoteGlobalIDString = 94CC450F2AD5B4EB00A97423;
			remoteInfo = "meliapp-principal";
		};
/* End PBXContainerItemProxy section */

/* Begin PBXFileReference section */
		9447F3202AD87FC8004F0B1B /* ListResultTableViewCell.swift */ = {isa = PBXFileReference; lastKnownFileType = sourcecode.swift; path = ListResultTableViewCell.swift; sourceTree = "<group>"; };
		9447F3212AD87FC8004F0B1B /* ListResultTableViewCell.xib */ = {isa = PBXFileReference; lastKnownFileType = file.xib; path = ListResultTableViewCell.xib; sourceTree = "<group>"; };
		9447F3242AD8AC43004F0B1B /* ListResultModel.swift */ = {isa = PBXFileReference; lastKnownFileType = sourcecode.swift; path = ListResultModel.swift; sourceTree = "<group>"; };
		9447F3262AD8B4A7004F0B1B /* ListResultProtocol.swift */ = {isa = PBXFileReference; lastKnownFileType = sourcecode.swift; path = ListResultProtocol.swift; sourceTree = "<group>"; };
		9447F3282AD8B595004F0B1B /* ListResultRouter.swift */ = {isa = PBXFileReference; lastKnownFileType = sourcecode.swift; path = ListResultRouter.swift; sourceTree = "<group>"; };
		9447F32A2AD8B61F004F0B1B /* ListResultInteractor.swift */ = {isa = PBXFileReference; lastKnownFileType = sourcecode.swift; path = ListResultInteractor.swift; sourceTree = "<group>"; };
		9447F32C2AD8B62A004F0B1B /* ListResultPresenter.swift */ = {isa = PBXFileReference; lastKnownFileType = sourcecode.swift; path = ListResultPresenter.swift; sourceTree = "<group>"; };
		94C87FE92AE08AEF00FEA2A4 /* NetworkManager.swift */ = {isa = PBXFileReference; lastKnownFileType = sourcecode.swift; path = NetworkManager.swift; sourceTree = "<group>"; };
		94C87FEB2AE08E4900FEA2A4 /* StringsManager.swift */ = {isa = PBXFileReference; lastKnownFileType = sourcecode.swift; path = StringsManager.swift; sourceTree = "<group>"; };
		94C87FED2AE0BC4D00FEA2A4 /* UITextField+Extension.swift */ = {isa = PBXFileReference; lastKnownFileType = sourcecode.swift; path = "UITextField+Extension.swift"; sourceTree = "<group>"; };
		94C87FEF2AE0BC6500FEA2A4 /* Double+Extension.swift */ = {isa = PBXFileReference; lastKnownFileType = sourcecode.swift; path = "Double+Extension.swift"; sourceTree = "<group>"; };
		94C87FF12AE0BC7400FEA2A4 /* NumberFormmater+Extension.swift */ = {isa = PBXFileReference; lastKnownFileType = sourcecode.swift; path = "NumberFormmater+Extension.swift"; sourceTree = "<group>"; };
		94C87FF32AE0BC8100FEA2A4 /* String+Extension.swift */ = {isa = PBXFileReference; lastKnownFileType = sourcecode.swift; path = "String+Extension.swift"; sourceTree = "<group>"; };
		94C87FF52AE0BC8E00FEA2A4 /* UITableview+Extension.swift */ = {isa = PBXFileReference; lastKnownFileType = sourcecode.swift; path = "UITableview+Extension.swift"; sourceTree = "<group>"; };
		94C87FF72AE0BC9B00FEA2A4 /* UIImageView+Extension.swift */ = {isa = PBXFileReference; lastKnownFileType = sourcecode.swift; path = "UIImageView+Extension.swift"; sourceTree = "<group>"; };
		94C87FFD2AE2ED7000FEA2A4 /* DetailArticleViewController.swift */ = {isa = PBXFileReference; lastKnownFileType = sourcecode.swift; path = DetailArticleViewController.swift; sourceTree = "<group>"; };
		94C87FFF2AE2EDE100FEA2A4 /* DetailArticleModel.swift */ = {isa = PBXFileReference; lastKnownFileType = sourcecode.swift; path = DetailArticleModel.swift; sourceTree = "<group>"; };
		94C880012AE2EE4F00FEA2A4 /* DetailArticleProtocol.swift */ = {isa = PBXFileReference; lastKnownFileType = sourcecode.swift; path = DetailArticleProtocol.swift; sourceTree = "<group>"; };
		94C880032AE2EE7D00FEA2A4 /* DetailArticleRouter.swift */ = {isa = PBXFileReference; lastKnownFileType = sourcecode.swift; path = DetailArticleRouter.swift; sourceTree = "<group>"; };
		94C880052AE2EEB200FEA2A4 /* DetailArticleInteractor.swift */ = {isa = PBXFileReference; lastKnownFileType = sourcecode.swift; path = DetailArticleInteractor.swift; sourceTree = "<group>"; };
		94C880072AE2EECA00FEA2A4 /* DetailArticlePresenter.swift */ = {isa = PBXFileReference; lastKnownFileType = sourcecode.swift; path = DetailArticlePresenter.swift; sourceTree = "<group>"; };
		94C880092AE33DA400FEA2A4 /* DetailArticleViewController.storyboard */ = {isa = PBXFileReference; fileEncoding = 4; lastKnownFileType = file.storyboard; path = DetailArticleViewController.storyboard; sourceTree = "<group>"; };
		94C880152AE346C000FEA2A4 /* meliapp_principalTests.swift */ = {isa = PBXFileReference; fileEncoding = 4; lastKnownFileType = sourcecode.swift; name = meliapp_principalTests.swift; path = "meliapp-principalTests/meliapp_principalTests.swift"; sourceTree = SOURCE_ROOT; };
		94C880172AE3471800FEA2A4 /* ListResultMocks.swift */ = {isa = PBXFileReference; lastKnownFileType = sourcecode.swift; path = ListResultMocks.swift; sourceTree = "<group>"; };
		94C880192AE3492C00FEA2A4 /* ListResultViewInteractorTests.swift */ = {isa = PBXFileReference; lastKnownFileType = sourcecode.swift; path = ListResultViewInteractorTests.swift; sourceTree = "<group>"; };
		94C8801F2AE34DB500FEA2A4 /* ListResultViewPresenterTests.swift */ = {isa = PBXFileReference; lastKnownFileType = sourcecode.swift; path = ListResultViewPresenterTests.swift; sourceTree = "<group>"; };
		94C880212AE35B1800FEA2A4 /* ArticleDetailMocks.swift */ = {isa = PBXFileReference; lastKnownFileType = sourcecode.swift; path = ArticleDetailMocks.swift; sourceTree = "<group>"; };
		94C880232AE35B2A00FEA2A4 /* ArticleDetailViewInteractorTests.swift */ = {isa = PBXFileReference; lastKnownFileType = sourcecode.swift; path = ArticleDetailViewInteractorTests.swift; sourceTree = "<group>"; };
		94C880252AE35B3C00FEA2A4 /* ArticleDetailViewPresenterTests.swift */ = {isa = PBXFileReference; lastKnownFileType = sourcecode.swift; path = ArticleDetailViewPresenterTests.swift; sourceTree = "<group>"; };
		94CC45102AD5B4EB00A97423 /* meliapp-principal.app */ = {isa = PBXFileReference; explicitFileType = wrapper.application; includeInIndex = 0; path = "meliapp-principal.app"; sourceTree = BUILT_PRODUCTS_DIR; };
		94CC45132AD5B4EB00A97423 /* AppDelegate.swift */ = {isa = PBXFileReference; lastKnownFileType = sourcecode.swift; path = AppDelegate.swift; sourceTree = "<group>"; };
		94CC45152AD5B4EB00A97423 /* SceneDelegate.swift */ = {isa = PBXFileReference; lastKnownFileType = sourcecode.swift; path = SceneDelegate.swift; sourceTree = "<group>"; };
		94CC45172AD5B4EB00A97423 /* ViewController.swift */ = {isa = PBXFileReference; lastKnownFileType = sourcecode.swift; path = ViewController.swift; sourceTree = "<group>"; };
		94CC451A2AD5B4EB00A97423 /* Base */ = {isa = PBXFileReference; lastKnownFileType = file.storyboard; name = Base; path = Base.lproj/Main.storyboard; sourceTree = "<group>"; };
		94CC451C2AD5B4EE00A97423 /* Assets.xcassets */ = {isa = PBXFileReference; lastKnownFileType = folder.assetcatalog; path = Assets.xcassets; sourceTree = "<group>"; };
		94CC451F2AD5B4EE00A97423 /* Base */ = {isa = PBXFileReference; lastKnownFileType = file.storyboard; name = Base; path = Base.lproj/LaunchScreen.storyboard; sourceTree = "<group>"; };
		94CC45212AD5B4EE00A97423 /* Info.plist */ = {isa = PBXFileReference; lastKnownFileType = text.plist.xml; path = Info.plist; sourceTree = "<group>"; };
		94CC45262AD5B4EE00A97423 /* meliapp-principalTests.xctest */ = {isa = PBXFileReference; explicitFileType = wrapper.cfbundle; includeInIndex = 0; path = "meliapp-principalTests.xctest"; sourceTree = BUILT_PRODUCTS_DIR; };
		94CC45302AD5B4EE00A97423 /* meliapp-principalUITests.xctest */ = {isa = PBXFileReference; explicitFileType = wrapper.cfbundle; includeInIndex = 0; path = "meliapp-principalUITests.xctest"; sourceTree = BUILT_PRODUCTS_DIR; };
		94CC45342AD5B4EE00A97423 /* meliapp_principalUITests.swift */ = {isa = PBXFileReference; lastKnownFileType = sourcecode.swift; path = meliapp_principalUITests.swift; sourceTree = "<group>"; };
		94CC45362AD5B4EE00A97423 /* meliapp_principalUITestsLaunchTests.swift */ = {isa = PBXFileReference; lastKnownFileType = sourcecode.swift; path = meliapp_principalUITestsLaunchTests.swift; sourceTree = "<group>"; };
		94CC45592AD8570C00A97423 /* ListResultViewController.storyboard */ = {isa = PBXFileReference; lastKnownFileType = file.storyboard; path = ListResultViewController.storyboard; sourceTree = "<group>"; };
		94CC455B2AD8576900A97423 /* ListResultViewController.swift */ = {isa = PBXFileReference; lastKnownFileType = sourcecode.swift; path = ListResultViewController.swift; sourceTree = "<group>"; };
/* End PBXFileReference section */

/* Begin PBXFrameworksBuildPhase section */
		94CC450D2AD5B4EB00A97423 /* Frameworks */ = {
			isa = PBXFrameworksBuildPhase;
			buildActionMask = 2147483647;
			files = (
			);
			runOnlyForDeploymentPostprocessing = 0;
		};
		94CC45232AD5B4EE00A97423 /* Frameworks */ = {
			isa = PBXFrameworksBuildPhase;
			buildActionMask = 2147483647;
			files = (
			);
			runOnlyForDeploymentPostprocessing = 0;
		};
		94CC452D2AD5B4EE00A97423 /* Frameworks */ = {
			isa = PBXFrameworksBuildPhase;
			buildActionMask = 2147483647;
			files = (
			);
			runOnlyForDeploymentPostprocessing = 0;
		};
/* End PBXFrameworksBuildPhase section */

/* Begin PBXGroup section */
		9447F31F2AD87F87004F0B1B /* ListResultTableViewCell */ = {
			isa = PBXGroup;
			children = (
				9447F3202AD87FC8004F0B1B /* ListResultTableViewCell.swift */,
				9447F3212AD87FC8004F0B1B /* ListResultTableViewCell.xib */,
			);
			path = ListResultTableViewCell;
			sourceTree = "<group>";
		};
		94C8800B2AE3445300FEA2A4 /* Modules */ = {
			isa = PBXGroup;
			children = (
				94C880152AE346C000FEA2A4 /* meliapp_principalTests.swift */,
				94C8800C2AE3446600FEA2A4 /* ListResult */,
				94C8800D2AE3446E00FEA2A4 /* ArticleDetail */,
			);
			path = Modules;
			sourceTree = "<group>";
		};
		94C8800C2AE3446600FEA2A4 /* ListResult */ = {
			isa = PBXGroup;
			children = (
				94C880172AE3471800FEA2A4 /* ListResultMocks.swift */,
				94C880192AE3492C00FEA2A4 /* ListResultViewInteractorTests.swift */,
				94C8801F2AE34DB500FEA2A4 /* ListResultViewPresenterTests.swift */,
			);
			path = ListResult;
			sourceTree = "<group>";
		};
		94C8800D2AE3446E00FEA2A4 /* ArticleDetail */ = {
			isa = PBXGroup;
			children = (
				94C880212AE35B1800FEA2A4 /* ArticleDetailMocks.swift */,
				94C880232AE35B2A00FEA2A4 /* ArticleDetailViewInteractorTests.swift */,
				94C880252AE35B3C00FEA2A4 /* ArticleDetailViewPresenterTests.swift */,
			);
			path = ArticleDetail;
			sourceTree = "<group>";
		};
		94CC45072AD5B4EB00A97423 = {
			isa = PBXGroup;
			children = (
				94CC45122AD5B4EB00A97423 /* meliapp-principal */,
				94CC45292AD5B4EE00A97423 /* meliapp-principalTests */,
				94CC45332AD5B4EE00A97423 /* meliapp-principalUITests */,
				94CC45112AD5B4EB00A97423 /* Products */,
			);
			sourceTree = "<group>";
		};
		94CC45112AD5B4EB00A97423 /* Products */ = {
			isa = PBXGroup;
			children = (
				94CC45102AD5B4EB00A97423 /* meliapp-principal.app */,
				94CC45262AD5B4EE00A97423 /* meliapp-principalTests.xctest */,
				94CC45302AD5B4EE00A97423 /* meliapp-principalUITests.xctest */,
			);
			name = Products;
			sourceTree = "<group>";
		};
		94CC45122AD5B4EB00A97423 /* meliapp-principal */ = {
			isa = PBXGroup;
			children = (
				94CC45462AD5C60D00A97423 /* Extensions */,
				94CC45452AD5C5F900A97423 /* Resources */,
				94CC45442AD5C5CA00A97423 /* Connections */,
				94CC45432AD5C16D00A97423 /* Modules */,
				94CC45132AD5B4EB00A97423 /* AppDelegate.swift */,
				94CC45152AD5B4EB00A97423 /* SceneDelegate.swift */,
				94CC45172AD5B4EB00A97423 /* ViewController.swift */,
				94CC45192AD5B4EB00A97423 /* Main.storyboard */,
				94CC451C2AD5B4EE00A97423 /* Assets.xcassets */,
				94CC451E2AD5B4EE00A97423 /* LaunchScreen.storyboard */,
				94CC45212AD5B4EE00A97423 /* Info.plist */,
			);
			path = "meliapp-principal";
			sourceTree = "<group>";
		};
		94CC45292AD5B4EE00A97423 /* meliapp-principalTests */ = {
			isa = PBXGroup;
			children = (
				94C8800B2AE3445300FEA2A4 /* Modules */,
			);
			path = "meliapp-principalTests";
			sourceTree = "<group>";
		};
		94CC45332AD5B4EE00A97423 /* meliapp-principalUITests */ = {
			isa = PBXGroup;
			children = (
				94CC45342AD5B4EE00A97423 /* meliapp_principalUITests.swift */,
				94CC45362AD5B4EE00A97423 /* meliapp_principalUITestsLaunchTests.swift */,
			);
			path = "meliapp-principalUITests";
			sourceTree = "<group>";
		};
		94CC45432AD5C16D00A97423 /* Modules */ = {
			isa = PBXGroup;
			children = (
				94CC45472AD8525F00A97423 /* ListResult */,
				94CC45482AD8528D00A97423 /* ArticleDetail */,
			);
			path = Modules;
			sourceTree = "<group>";
		};
		94CC45442AD5C5CA00A97423 /* Connections */ = {
			isa = PBXGroup;
			children = (
				94C87FE92AE08AEF00FEA2A4 /* NetworkManager.swift */,
			);
			path = Connections;
			sourceTree = "<group>";
		};
		94CC45452AD5C5F900A97423 /* Resources */ = {
			isa = PBXGroup;
			children = (
				94C87FEB2AE08E4900FEA2A4 /* StringsManager.swift */,
			);
			path = Resources;
			sourceTree = "<group>";
		};
		94CC45462AD5C60D00A97423 /* Extensions */ = {
			isa = PBXGroup;
			children = (
				94C87FED2AE0BC4D00FEA2A4 /* UITextField+Extension.swift */,
				94C87FEF2AE0BC6500FEA2A4 /* Double+Extension.swift */,
				94C87FF12AE0BC7400FEA2A4 /* NumberFormmater+Extension.swift */,
				94C87FF32AE0BC8100FEA2A4 /* String+Extension.swift */,
				94C87FF52AE0BC8E00FEA2A4 /* UITableview+Extension.swift */,
				94C87FF72AE0BC9B00FEA2A4 /* UIImageView+Extension.swift */,
			);
			path = Extensions;
			sourceTree = "<group>";
		};
		94CC45472AD8525F00A97423 /* ListResult */ = {
			isa = PBXGroup;
			children = (
				94CC45542AD8544D00A97423 /* Model */,
				94CC45532AD8544200A97423 /* Protocol */,
				94CC45522AD8543C00A97423 /* Router */,
				94CC45512AD8543600A97423 /* View */,
				94CC45502AD8542E00A97423 /* Interactor */,
				94CC454F2AD8542700A97423 /* Presenter */,
			);
			path = ListResult;
			sourceTree = "<group>";
		};
		94CC45482AD8528D00A97423 /* ArticleDetail */ = {
			isa = PBXGroup;
			children = (
				94CC454E2AD8541F00A97423 /* Model */,
				94CC454D2AD8541500A97423 /* Protocol */,
				94CC454C2AD8540E00A97423 /* Router */,
				94CC454B2AD8540800A97423 /* View */,
				94CC454A2AD853FD00A97423 /* Interactor */,
				94CC45492AD853F300A97423 /* Presenter */,
			);
			path = ArticleDetail;
			sourceTree = "<group>";
		};
		94CC45492AD853F300A97423 /* Presenter */ = {
			isa = PBXGroup;
			children = (
				94C880072AE2EECA00FEA2A4 /* DetailArticlePresenter.swift */,
			);
			path = Presenter;
			sourceTree = "<group>";
		};
		94CC454A2AD853FD00A97423 /* Interactor */ = {
			isa = PBXGroup;
			children = (
				94C880052AE2EEB200FEA2A4 /* DetailArticleInteractor.swift */,
			);
			path = Interactor;
			sourceTree = "<group>";
		};
		94CC454B2AD8540800A97423 /* View */ = {
			isa = PBXGroup;
			children = (
				94C87FFD2AE2ED7000FEA2A4 /* DetailArticleViewController.swift */,
				94C880092AE33DA400FEA2A4 /* DetailArticleViewController.storyboard */,
			);
			path = View;
			sourceTree = "<group>";
		};
		94CC454C2AD8540E00A97423 /* Router */ = {
			isa = PBXGroup;
			children = (
				94C880032AE2EE7D00FEA2A4 /* DetailArticleRouter.swift */,
			);
			path = Router;
			sourceTree = "<group>";
		};
		94CC454D2AD8541500A97423 /* Protocol */ = {
			isa = PBXGroup;
			children = (
				94C880012AE2EE4F00FEA2A4 /* DetailArticleProtocol.swift */,
			);
			path = Protocol;
			sourceTree = "<group>";
		};
		94CC454E2AD8541F00A97423 /* Model */ = {
			isa = PBXGroup;
			children = (
				94C87FFF2AE2EDE100FEA2A4 /* DetailArticleModel.swift */,
			);
			path = Model;
			sourceTree = "<group>";
		};
		94CC454F2AD8542700A97423 /* Presenter */ = {
			isa = PBXGroup;
			children = (
				9447F32C2AD8B62A004F0B1B /* ListResultPresenter.swift */,
			);
			path = Presenter;
			sourceTree = "<group>";
		};
		94CC45502AD8542E00A97423 /* Interactor */ = {
			isa = PBXGroup;
			children = (
				9447F32A2AD8B61F004F0B1B /* ListResultInteractor.swift */,
			);
			path = Interactor;
			sourceTree = "<group>";
		};
		94CC45512AD8543600A97423 /* View */ = {
			isa = PBXGroup;
			children = (
				9447F31F2AD87F87004F0B1B /* ListResultTableViewCell */,
				94CC45592AD8570C00A97423 /* ListResultViewController.storyboard */,
				94CC455B2AD8576900A97423 /* ListResultViewController.swift */,
			);
			path = View;
			sourceTree = "<group>";
		};
		94CC45522AD8543C00A97423 /* Router */ = {
			isa = PBXGroup;
			children = (
				9447F3282AD8B595004F0B1B /* ListResultRouter.swift */,
			);
			path = Router;
			sourceTree = "<group>";
		};
		94CC45532AD8544200A97423 /* Protocol */ = {
			isa = PBXGroup;
			children = (
				9447F3262AD8B4A7004F0B1B /* ListResultProtocol.swift */,
			);
			path = Protocol;
			sourceTree = "<group>";
		};
		94CC45542AD8544D00A97423 /* Model */ = {
			isa = PBXGroup;
			children = (
				9447F3242AD8AC43004F0B1B /* ListResultModel.swift */,
			);
			path = Model;
			sourceTree = "<group>";
		};
/* End PBXGroup section */

/* Begin PBXNativeTarget section */
		94CC450F2AD5B4EB00A97423 /* meliapp-principal */ = {
			isa = PBXNativeTarget;
			buildConfigurationList = 94CC453A2AD5B4EE00A97423 /* Build configuration list for PBXNativeTarget "meliapp-principal" */;
			buildPhases = (
				94CC450C2AD5B4EB00A97423 /* Sources */,
				94CC450D2AD5B4EB00A97423 /* Frameworks */,
				94CC450E2AD5B4EB00A97423 /* Resources */,
			);
			buildRules = (
			);
			dependencies = (
			);
			name = "meliapp-principal";
			productName = "meliapp-principal";
			productReference = 94CC45102AD5B4EB00A97423 /* meliapp-principal.app */;
			productType = "com.apple.product-type.application";
		};
		94CC45252AD5B4EE00A97423 /* meliapp-principalTests */ = {
			isa = PBXNativeTarget;
			buildConfigurationList = 94CC453D2AD5B4EE00A97423 /* Build configuration list for PBXNativeTarget "meliapp-principalTests" */;
			buildPhases = (
				94CC45222AD5B4EE00A97423 /* Sources */,
				94CC45232AD5B4EE00A97423 /* Frameworks */,
				94CC45242AD5B4EE00A97423 /* Resources */,
			);
			buildRules = (
			);
			dependencies = (
				94CC45282AD5B4EE00A97423 /* PBXTargetDependency */,
			);
			name = "meliapp-principalTests";
			productName = "meliapp-principalTests";
			productReference = 94CC45262AD5B4EE00A97423 /* meliapp-principalTests.xctest */;
			productType = "com.apple.product-type.bundle.unit-test";
		};
		94CC452F2AD5B4EE00A97423 /* meliapp-principalUITests */ = {
			isa = PBXNativeTarget;
			buildConfigurationList = 94CC45402AD5B4EE00A97423 /* Build configuration list for PBXNativeTarget "meliapp-principalUITests" */;
			buildPhases = (
				94CC452C2AD5B4EE00A97423 /* Sources */,
				94CC452D2AD5B4EE00A97423 /* Frameworks */,
				94CC452E2AD5B4EE00A97423 /* Resources */,
			);
			buildRules = (
			);
			dependencies = (
				94CC45322AD5B4EE00A97423 /* PBXTargetDependency */,
			);
			name = "meliapp-principalUITests";
			productName = "meliapp-principalUITests";
			productReference = 94CC45302AD5B4EE00A97423 /* meliapp-principalUITests.xctest */;
			productType = "com.apple.product-type.bundle.ui-testing";
		};
/* End PBXNativeTarget section */

/* Begin PBXProject section */
		94CC45082AD5B4EB00A97423 /* Project object */ = {
			isa = PBXProject;
			attributes = {
				BuildIndependentTargetsInParallel = 1;
				LastSwiftUpdateCheck = 1500;
				LastUpgradeCheck = 1500;
				TargetAttributes = {
					94CC450F2AD5B4EB00A97423 = {
						CreatedOnToolsVersion = 15.0;
					};
					94CC45252AD5B4EE00A97423 = {
						CreatedOnToolsVersion = 15.0;
						LastSwiftMigration = 1500;
						TestTargetID = 94CC450F2AD5B4EB00A97423;
					};
					94CC452F2AD5B4EE00A97423 = {
						CreatedOnToolsVersion = 15.0;
						TestTargetID = 94CC450F2AD5B4EB00A97423;
					};
				};
			};
			buildConfigurationList = 94CC450B2AD5B4EB00A97423 /* Build configuration list for PBXProject "meliapp-principal" */;
			compatibilityVersion = "Xcode 14.0";
			developmentRegion = en;
			hasScannedForEncodings = 0;
			knownRegions = (
				en,
				Base,
			);
			mainGroup = 94CC45072AD5B4EB00A97423;
			productRefGroup = 94CC45112AD5B4EB00A97423 /* Products */;
			projectDirPath = "";
			projectRoot = "";
			targets = (
				94CC450F2AD5B4EB00A97423 /* meliapp-principal */,
				94CC45252AD5B4EE00A97423 /* meliapp-principalTests */,
				94CC452F2AD5B4EE00A97423 /* meliapp-principalUITests */,
			);
		};
/* End PBXProject section */

/* Begin PBXResourcesBuildPhase section */
		94CC450E2AD5B4EB00A97423 /* Resources */ = {
			isa = PBXResourcesBuildPhase;
			buildActionMask = 2147483647;
			files = (
				94CC45202AD5B4EE00A97423 /* LaunchScreen.storyboard in Resources */,
				94CC451D2AD5B4EE00A97423 /* Assets.xcassets in Resources */,
				94CC451B2AD5B4EB00A97423 /* Main.storyboard in Resources */,
				94C8800A2AE33DA400FEA2A4 /* DetailArticleViewController.storyboard in Resources */,
				94CC455A2AD8570C00A97423 /* ListResultViewController.storyboard in Resources */,
				9447F3232AD87FC9004F0B1B /* ListResultTableViewCell.xib in Resources */,
			);
			runOnlyForDeploymentPostprocessing = 0;
		};
		94CC45242AD5B4EE00A97423 /* Resources */ = {
			isa = PBXResourcesBuildPhase;
			buildActionMask = 2147483647;
			files = (
			);
			runOnlyForDeploymentPostprocessing = 0;
		};
		94CC452E2AD5B4EE00A97423 /* Resources */ = {
			isa = PBXResourcesBuildPhase;
			buildActionMask = 2147483647;
			files = (
			);
			runOnlyForDeploymentPostprocessing = 0;
		};
/* End PBXResourcesBuildPhase section */

/* Begin PBXSourcesBuildPhase section */
		94CC450C2AD5B4EB00A97423 /* Sources */ = {
			isa = PBXSourcesBuildPhase;
			buildActionMask = 2147483647;
			files = (
				94C87FFE2AE2ED7000FEA2A4 /* DetailArticleViewController.swift in Sources */,
				94C87FF42AE0BC8100FEA2A4 /* String+Extension.swift in Sources */,
				94C880042AE2EE7D00FEA2A4 /* DetailArticleRouter.swift in Sources */,
				94C87FF62AE0BC8E00FEA2A4 /* UITableview+Extension.swift in Sources */,
				9447F3272AD8B4A7004F0B1B /* ListResultProtocol.swift in Sources */,
				9447F3252AD8AC43004F0B1B /* ListResultModel.swift in Sources */,
				94C87FF02AE0BC6500FEA2A4 /* Double+Extension.swift in Sources */,
				94C87FF22AE0BC7400FEA2A4 /* NumberFormmater+Extension.swift in Sources */,
				94C880002AE2EDE100FEA2A4 /* DetailArticleModel.swift in Sources */,
				94CC45182AD5B4EB00A97423 /* ViewController.swift in Sources */,
				94CC45142AD5B4EB00A97423 /* AppDelegate.swift in Sources */,
				94C87FEA2AE08AEF00FEA2A4 /* NetworkManager.swift in Sources */,
				94CC45162AD5B4EB00A97423 /* SceneDelegate.swift in Sources */,
				9447F32D2AD8B62A004F0B1B /* ListResultPresenter.swift in Sources */,
				9447F3292AD8B595004F0B1B /* ListResultRouter.swift in Sources */,
				94C87FF82AE0BC9B00FEA2A4 /* UIImageView+Extension.swift in Sources */,
				94C880062AE2EEB200FEA2A4 /* DetailArticleInteractor.swift in Sources */,
				94C87FEC2AE08E4900FEA2A4 /* StringsManager.swift in Sources */,
				9447F32B2AD8B61F004F0B1B /* ListResultInteractor.swift in Sources */,
				94C87FEE2AE0BC4D00FEA2A4 /* UITextField+Extension.swift in Sources */,
				94CC455C2AD8576900A97423 /* ListResultViewController.swift in Sources */,
				9447F3222AD87FC9004F0B1B /* ListResultTableViewCell.swift in Sources */,
				94C880082AE2EECA00FEA2A4 /* DetailArticlePresenter.swift in Sources */,
				94C880022AE2EE4F00FEA2A4 /* DetailArticleProtocol.swift in Sources */,
			);
			runOnlyForDeploymentPostprocessing = 0;
		};
		94CC45222AD5B4EE00A97423 /* Sources */ = {
			isa = PBXSourcesBuildPhase;
			buildActionMask = 2147483647;
			files = (
				94C8801A2AE3492C00FEA2A4 /* ListResultViewInteractorTests.swift in Sources */,
				94C880242AE35B2A00FEA2A4 /* ArticleDetailViewInteractorTests.swift in Sources */,
				94C880222AE35B1800FEA2A4 /* ArticleDetailMocks.swift in Sources */,
				94C880182AE3471800FEA2A4 /* ListResultMocks.swift in Sources */,
				94C880262AE35B3C00FEA2A4 /* ArticleDetailViewPresenterTests.swift in Sources */,
				94C880202AE34DB500FEA2A4 /* ListResultViewPresenterTests.swift in Sources */,
				94C880162AE346C000FEA2A4 /* meliapp_principalTests.swift in Sources */,
			);
			runOnlyForDeploymentPostprocessing = 0;
		};
		94CC452C2AD5B4EE00A97423 /* Sources */ = {
			isa = PBXSourcesBuildPhase;
			buildActionMask = 2147483647;
			files = (
				94CC45372AD5B4EE00A97423 /* meliapp_principalUITestsLaunchTests.swift in Sources */,
				94CC45352AD5B4EE00A97423 /* meliapp_principalUITests.swift in Sources */,
			);
			runOnlyForDeploymentPostprocessing = 0;
		};
/* End PBXSourcesBuildPhase section */

/* Begin PBXTargetDependency section */
		94CC45282AD5B4EE00A97423 /* PBXTargetDependency */ = {
			isa = PBXTargetDependency;
			target = 94CC450F2AD5B4EB00A97423 /* meliapp-principal */;
			targetProxy = 94CC45272AD5B4EE00A97423 /* PBXContainerItemProxy */;
		};
		94CC45322AD5B4EE00A97423 /* PBXTargetDependency */ = {
			isa = PBXTargetDependency;
			target = 94CC450F2AD5B4EB00A97423 /* meliapp-principal */;
			targetProxy = 94CC45312AD5B4EE00A97423 /* PBXContainerItemProxy */;
		};
/* End PBXTargetDependency section */

/* Begin PBXVariantGroup section */
		94CC45192AD5B4EB00A97423 /* Main.storyboard */ = {
			isa = PBXVariantGroup;
			children = (
				94CC451A2AD5B4EB00A97423 /* Base */,
			);
			name = Main.storyboard;
			sourceTree = "<group>";
		};
		94CC451E2AD5B4EE00A97423 /* LaunchScreen.storyboard */ = {
			isa = PBXVariantGroup;
			children = (
				94CC451F2AD5B4EE00A97423 /* Base */,
			);
			name = LaunchScreen.storyboard;
			sourceTree = "<group>";
		};
/* End PBXVariantGroup section */

/* Begin XCBuildConfiguration section */
		94CC45382AD5B4EE00A97423 /* Debug */ = {
			isa = XCBuildConfiguration;
			buildSettings = {
				ALWAYS_SEARCH_USER_PATHS = NO;
				ASSETCATALOG_COMPILER_GENERATE_SWIFT_ASSET_SYMBOL_EXTENSIONS = YES;
				CLANG_ANALYZER_NONNULL = YES;
				CLANG_ANALYZER_NUMBER_OBJECT_CONVERSION = YES_AGGRESSIVE;
				CLANG_CXX_LANGUAGE_STANDARD = "gnu++20";
				CLANG_ENABLE_MODULES = YES;
				CLANG_ENABLE_OBJC_ARC = YES;
				CLANG_ENABLE_OBJC_WEAK = YES;
				CLANG_WARN_BLOCK_CAPTURE_AUTORELEASING = YES;
				CLANG_WARN_BOOL_CONVERSION = YES;
				CLANG_WARN_COMMA = YES;
				CLANG_WARN_CONSTANT_CONVERSION = YES;
				CLANG_WARN_DEPRECATED_OBJC_IMPLEMENTATIONS = YES;
				CLANG_WARN_DIRECT_OBJC_ISA_USAGE = YES_ERROR;
				CLANG_WARN_DOCUMENTATION_COMMENTS = YES;
				CLANG_WARN_EMPTY_BODY = YES;
				CLANG_WARN_ENUM_CONVERSION = YES;
				CLANG_WARN_INFINITE_RECURSION = YES;
				CLANG_WARN_INT_CONVERSION = YES;
				CLANG_WARN_NON_LITERAL_NULL_CONVERSION = YES;
				CLANG_WARN_OBJC_IMPLICIT_RETAIN_SELF = YES;
				CLANG_WARN_OBJC_LITERAL_CONVERSION = YES;
				CLANG_WARN_OBJC_ROOT_CLASS = YES_ERROR;
				CLANG_WARN_QUOTED_INCLUDE_IN_FRAMEWORK_HEADER = YES;
				CLANG_WARN_RANGE_LOOP_ANALYSIS = YES;
				CLANG_WARN_STRICT_PROTOTYPES = YES;
				CLANG_WARN_SUSPICIOUS_MOVE = YES;
				CLANG_WARN_UNGUARDED_AVAILABILITY = YES_AGGRESSIVE;
				CLANG_WARN_UNREACHABLE_CODE = YES;
				CLANG_WARN__DUPLICATE_METHOD_MATCH = YES;
				COPY_PHASE_STRIP = NO;
				DEBUG_INFORMATION_FORMAT = dwarf;
				ENABLE_STRICT_OBJC_MSGSEND = YES;
				ENABLE_TESTABILITY = YES;
				ENABLE_USER_SCRIPT_SANDBOXING = YES;
				GCC_C_LANGUAGE_STANDARD = gnu17;
				GCC_DYNAMIC_NO_PIC = NO;
				GCC_NO_COMMON_BLOCKS = YES;
				GCC_OPTIMIZATION_LEVEL = 0;
				GCC_PREPROCESSOR_DEFINITIONS = (
					"DEBUG=1",
					"$(inherited)",
				);
				GCC_WARN_64_TO_32_BIT_CONVERSION = YES;
				GCC_WARN_ABOUT_RETURN_TYPE = YES_ERROR;
				GCC_WARN_UNDECLARED_SELECTOR = YES;
				GCC_WARN_UNINITIALIZED_AUTOS = YES_AGGRESSIVE;
				GCC_WARN_UNUSED_FUNCTION = YES;
				GCC_WARN_UNUSED_VARIABLE = YES;
				IPHONEOS_DEPLOYMENT_TARGET = 17.0;
				LOCALIZATION_PREFERS_STRING_CATALOGS = YES;
				MTL_ENABLE_DEBUG_INFO = INCLUDE_SOURCE;
				MTL_FAST_MATH = YES;
				ONLY_ACTIVE_ARCH = YES;
				SDKROOT = iphoneos;
				SWIFT_ACTIVE_COMPILATION_CONDITIONS = "DEBUG $(inherited)";
				SWIFT_OPTIMIZATION_LEVEL = "-Onone";
			};
			name = Debug;
		};
		94CC45392AD5B4EE00A97423 /* Release */ = {
			isa = XCBuildConfiguration;
			buildSettings = {
				ALWAYS_SEARCH_USER_PATHS = NO;
				ASSETCATALOG_COMPILER_GENERATE_SWIFT_ASSET_SYMBOL_EXTENSIONS = YES;
				CLANG_ANALYZER_NONNULL = YES;
				CLANG_ANALYZER_NUMBER_OBJECT_CONVERSION = YES_AGGRESSIVE;
				CLANG_CXX_LANGUAGE_STANDARD = "gnu++20";
				CLANG_ENABLE_MODULES = YES;
				CLANG_ENABLE_OBJC_ARC = YES;
				CLANG_ENABLE_OBJC_WEAK = YES;
				CLANG_WARN_BLOCK_CAPTURE_AUTORELEASING = YES;
				CLANG_WARN_BOOL_CONVERSION = YES;
				CLANG_WARN_COMMA = YES;
				CLANG_WARN_CONSTANT_CONVERSION = YES;
				CLANG_WARN_DEPRECATED_OBJC_IMPLEMENTATIONS = YES;
				CLANG_WARN_DIRECT_OBJC_ISA_USAGE = YES_ERROR;
				CLANG_WARN_DOCUMENTATION_COMMENTS = YES;
				CLANG_WARN_EMPTY_BODY = YES;
				CLANG_WARN_ENUM_CONVERSION = YES;
				CLANG_WARN_INFINITE_RECURSION = YES;
				CLANG_WARN_INT_CONVERSION = YES;
				CLANG_WARN_NON_LITERAL_NULL_CONVERSION = YES;
				CLANG_WARN_OBJC_IMPLICIT_RETAIN_SELF = YES;
				CLANG_WARN_OBJC_LITERAL_CONVERSION = YES;
				CLANG_WARN_OBJC_ROOT_CLASS = YES_ERROR;
				CLANG_WARN_QUOTED_INCLUDE_IN_FRAMEWORK_HEADER = YES;
				CLANG_WARN_RANGE_LOOP_ANALYSIS = YES;
				CLANG_WARN_STRICT_PROTOTYPES = YES;
				CLANG_WARN_SUSPICIOUS_MOVE = YES;
				CLANG_WARN_UNGUARDED_AVAILABILITY = YES_AGGRESSIVE;
				CLANG_WARN_UNREACHABLE_CODE = YES;
				CLANG_WARN__DUPLICATE_METHOD_MATCH = YES;
				COPY_PHASE_STRIP = NO;
				DEBUG_INFORMATION_FORMAT = "dwarf-with-dsym";
				ENABLE_NS_ASSERTIONS = NO;
				ENABLE_STRICT_OBJC_MSGSEND = YES;
				ENABLE_USER_SCRIPT_SANDBOXING = YES;
				GCC_C_LANGUAGE_STANDARD = gnu17;
				GCC_NO_COMMON_BLOCKS = YES;
				GCC_WARN_64_TO_32_BIT_CONVERSION = YES;
				GCC_WARN_ABOUT_RETURN_TYPE = YES_ERROR;
				GCC_WARN_UNDECLARED_SELECTOR = YES;
				GCC_WARN_UNINITIALIZED_AUTOS = YES_AGGRESSIVE;
				GCC_WARN_UNUSED_FUNCTION = YES;
				GCC_WARN_UNUSED_VARIABLE = YES;
				IPHONEOS_DEPLOYMENT_TARGET = 17.0;
				LOCALIZATION_PREFERS_STRING_CATALOGS = YES;
				MTL_ENABLE_DEBUG_INFO = NO;
				MTL_FAST_MATH = YES;
				SDKROOT = iphoneos;
				SWIFT_COMPILATION_MODE = wholemodule;
				VALIDATE_PRODUCT = YES;
			};
			name = Release;
		};
		94CC453B2AD5B4EE00A97423 /* Debug */ = {
			isa = XCBuildConfiguration;
			buildSettings = {
				ASSETCATALOG_COMPILER_APPICON_NAME = AppIcon;
				ASSETCATALOG_COMPILER_GLOBAL_ACCENT_COLOR_NAME = AccentColor;
				CODE_SIGN_STYLE = Automatic;
				CURRENT_PROJECT_VERSION = 1;
				DEVELOPMENT_TEAM = 65VSGS267M;
				GENERATE_INFOPLIST_FILE = YES;
				INFOPLIST_FILE = "meliapp-principal/Info.plist";
				INFOPLIST_KEY_UIApplicationSupportsIndirectInputEvents = YES;
				INFOPLIST_KEY_UILaunchStoryboardName = ListResultViewController.storyboard;
				INFOPLIST_KEY_UIMainStoryboardFile = Main;
				INFOPLIST_KEY_UISupportedInterfaceOrientations_iPad = "UIInterfaceOrientationPortrait UIInterfaceOrientationPortraitUpsideDown UIInterfaceOrientationLandscapeLeft UIInterfaceOrientationLandscapeRight";
				INFOPLIST_KEY_UISupportedInterfaceOrientations_iPhone = "UIInterfaceOrientationPortrait UIInterfaceOrientationLandscapeLeft UIInterfaceOrientationLandscapeRight";
				LD_RUNPATH_SEARCH_PATHS = (
					"$(inherited)",
					"@executable_path/Frameworks",
				);
				MARKETING_VERSION = 1.0;
				PRODUCT_BUNDLE_IDENTIFIER = "geniusoft.meliapp-principal";
				PRODUCT_NAME = "$(TARGET_NAME)";
				SWIFT_EMIT_LOC_STRINGS = YES;
				SWIFT_VERSION = 5.0;
				TARGETED_DEVICE_FAMILY = "1,2";
			};
			name = Debug;
		};
		94CC453C2AD5B4EE00A97423 /* Release */ = {
			isa = XCBuildConfiguration;
			buildSettings = {
				ASSETCATALOG_COMPILER_APPICON_NAME = AppIcon;
				ASSETCATALOG_COMPILER_GLOBAL_ACCENT_COLOR_NAME = AccentColor;
				CODE_SIGN_STYLE = Automatic;
				CURRENT_PROJECT_VERSION = 1;
				DEVELOPMENT_TEAM = 65VSGS267M;
				GENERATE_INFOPLIST_FILE = YES;
				INFOPLIST_FILE = "meliapp-principal/Info.plist";
				INFOPLIST_KEY_UIApplicationSupportsIndirectInputEvents = YES;
				INFOPLIST_KEY_UILaunchStoryboardName = ListResultViewController.storyboard;
				INFOPLIST_KEY_UIMainStoryboardFile = Main;
				INFOPLIST_KEY_UISupportedInterfaceOrientations_iPad = "UIInterfaceOrientationPortrait UIInterfaceOrientationPortraitUpsideDown UIInterfaceOrientationLandscapeLeft UIInterfaceOrientationLandscapeRight";
				INFOPLIST_KEY_UISupportedInterfaceOrientations_iPhone = "UIInterfaceOrientationPortrait UIInterfaceOrientationLandscapeLeft UIInterfaceOrientationLandscapeRight";
				LD_RUNPATH_SEARCH_PATHS = (
					"$(inherited)",
					"@executable_path/Frameworks",
				);
				MARKETING_VERSION = 1.0;
				PRODUCT_BUNDLE_IDENTIFIER = "geniusoft.meliapp-principal";
				PRODUCT_NAME = "$(TARGET_NAME)";
				SWIFT_EMIT_LOC_STRINGS = YES;
				SWIFT_VERSION = 5.0;
				TARGETED_DEVICE_FAMILY = "1,2";
			};
			name = Release;
		};
		94CC453E2AD5B4EE00A97423 /* Debug */ = {
			isa = XCBuildConfiguration;
			buildSettings = {
				ALWAYS_EMBED_SWIFT_STANDARD_LIBRARIES = YES;
				BUNDLE_LOADER = "$(TEST_HOST)";
				CLANG_ENABLE_MODULES = YES;
				CODE_SIGN_STYLE = Automatic;
				CURRENT_PROJECT_VERSION = 1;
				DEVELOPMENT_TEAM = 65VSGS267M;
				GENERATE_INFOPLIST_FILE = YES;
				IPHONEOS_DEPLOYMENT_TARGET = 17.0;
				MARKETING_VERSION = 1.0;
				PRODUCT_BUNDLE_IDENTIFIER = "geniusoft.meliapp-principalTests";
				PRODUCT_NAME = "$(TARGET_NAME)";
				SWIFT_EMIT_LOC_STRINGS = NO;
				SWIFT_OBJC_BRIDGING_HEADER = "meliapp-principalTests/Modules/ListResult/meliapp-principalTests-Bridging-Header.h";
				SWIFT_OPTIMIZATION_LEVEL = "-Onone";
				SWIFT_VERSION = 5.0;
				TARGETED_DEVICE_FAMILY = "1,2";
				TEST_HOST = "$(BUILT_PRODUCTS_DIR)/meliapp-principal.app/$(BUNDLE_EXECUTABLE_FOLDER_PATH)/meliapp-principal";
			};
			name = Debug;
		};
		94CC453F2AD5B4EE00A97423 /* Release */ = {
			isa = XCBuildConfiguration;
			buildSettings = {
				ALWAYS_EMBED_SWIFT_STANDARD_LIBRARIES = YES;
				BUNDLE_LOADER = "$(TEST_HOST)";
				CLANG_ENABLE_MODULES = YES;
				CODE_SIGN_STYLE = Automatic;
				CURRENT_PROJECT_VERSION = 1;
				DEVELOPMENT_TEAM = 65VSGS267M;
				GENERATE_INFOPLIST_FILE = YES;
				IPHONEOS_DEPLOYMENT_TARGET = 17.0;
				MARKETING_VERSION = 1.0;
				PRODUCT_BUNDLE_IDENTIFIER = "geniusoft.meliapp-principalTests";
				PRODUCT_NAME = "$(TARGET_NAME)";
				SWIFT_EMIT_LOC_STRINGS = NO;
				SWIFT_OBJC_BRIDGING_HEADER = "meliapp-principalTests/Modules/ListResult/meliapp-principalTests-Bridging-Header.h";
				SWIFT_VERSION = 5.0;
				TARGETED_DEVICE_FAMILY = "1,2";
				TEST_HOST = "$(BUILT_PRODUCTS_DIR)/meliapp-principal.app/$(BUNDLE_EXECUTABLE_FOLDER_PATH)/meliapp-principal";
			};
			name = Release;
		};
		94CC45412AD5B4EE00A97423 /* Debug */ = {
			isa = XCBuildConfiguration;
			buildSettings = {
				ALWAYS_EMBED_SWIFT_STANDARD_LIBRARIES = YES;
				CODE_SIGN_STYLE = Automatic;
				CURRENT_PROJECT_VERSION = 1;
				DEVELOPMENT_TEAM = 65VSGS267M;
				GENERATE_INFOPLIST_FILE = YES;
				MARKETING_VERSION = 1.0;
				PRODUCT_BUNDLE_IDENTIFIER = "geniusoft.meliapp-principalUITests";
				PRODUCT_NAME = "$(TARGET_NAME)";
				SWIFT_EMIT_LOC_STRINGS = NO;
				SWIFT_VERSION = 5.0;
				TARGETED_DEVICE_FAMILY = "1,2";
				TEST_TARGET_NAME = "meliapp-principal";
			};
			name = Debug;
		};
		94CC45422AD5B4EE00A97423 /* Release */ = {
			isa = XCBuildConfiguration;
			buildSettings = {
				ALWAYS_EMBED_SWIFT_STANDARD_LIBRARIES = YES;
				CODE_SIGN_STYLE = Automatic;
				CURRENT_PROJECT_VERSION = 1;
				DEVELOPMENT_TEAM = 65VSGS267M;
				GENERATE_INFOPLIST_FILE = YES;
				MARKETING_VERSION = 1.0;
				PRODUCT_BUNDLE_IDENTIFIER = "geniusoft.meliapp-principalUITests";
				PRODUCT_NAME = "$(TARGET_NAME)";
				SWIFT_EMIT_LOC_STRINGS = NO;
				SWIFT_VERSION = 5.0;
				TARGETED_DEVICE_FAMILY = "1,2";
				TEST_TARGET_NAME = "meliapp-principal";
			};
			name = Release;
		};
/* End XCBuildConfiguration section */

/* Begin XCConfigurationList section */
		94CC450B2AD5B4EB00A97423 /* Build configuration list for PBXProject "meliapp-principal" */ = {
			isa = XCConfigurationList;
			buildConfigurations = (
				94CC45382AD5B4EE00A97423 /* Debug */,
				94CC45392AD5B4EE00A97423 /* Release */,
			);
			defaultConfigurationIsVisible = 0;
			defaultConfigurationName = Release;
		};
		94CC453A2AD5B4EE00A97423 /* Build configuration list for PBXNativeTarget "meliapp-principal" */ = {
			isa = XCConfigurationList;
			buildConfigurations = (
				94CC453B2AD5B4EE00A97423 /* Debug */,
				94CC453C2AD5B4EE00A97423 /* Release */,
			);
			defaultConfigurationIsVisible = 0;
			defaultConfigurationName = Release;
		};
		94CC453D2AD5B4EE00A97423 /* Build configuration list for PBXNativeTarget "meliapp-principalTests" */ = {
			isa = XCConfigurationList;
			buildConfigurations = (
				94CC453E2AD5B4EE00A97423 /* Debug */,
				94CC453F2AD5B4EE00A97423 /* Release */,
			);
			defaultConfigurationIsVisible = 0;
			defaultConfigurationName = Release;
		};
		94CC45402AD5B4EE00A97423 /* Build configuration list for PBXNativeTarget "meliapp-principalUITests" */ = {
			isa = XCConfigurationList;
			buildConfigurations = (
				94CC45412AD5B4EE00A97423 /* Debug */,
				94CC45422AD5B4EE00A97423 /* Release */,
			);
			defaultConfigurationIsVisible = 0;
			defaultConfigurationName = Release;
		};
/* End XCConfigurationList section */
	};
	rootObject = 94CC45082AD5B4EB00A97423 /* Project object */;
}
