// !$*UTF8*$!
{
	archiveVersion = 1;
	classes = {
	};
	objectVersion = 56;
	objects = {

/* Begin PBXBuildFile section */
		94CC45142AD5B4EB00A97423 /* AppDelegate.swift in Sources */ = {isa = PBXBuildFile; fileRef = 94CC45132AD5B4EB00A97423 /* AppDelegate.swift */; };
		94CC45162AD5B4EB00A97423 /* SceneDelegate.swift in Sources */ = {isa = PBXBuildFile; fileRef = 94CC45152AD5B4EB00A97423 /* SceneDelegate.swift */; };
		94CC45182AD5B4EB00A97423 /* ViewController.swift in Sources */ = {isa = PBXBuildFile; fileRef = 94CC45172AD5B4EB00A97423 /* ViewController.swift */; };
		94CC451B2AD5B4EB00A97423 /* Main.storyboard in Resources */ = {isa = PBXBuildFile; fileRef = 94CC45192AD5B4EB00A97423 /* Main.storyboard */; };
		94CC451D2AD5B4EE00A97423 /* Assets.xcassets in Resources */ = {isa = PBXBuildFile; fileRef = 94CC451C2AD5B4EE00A97423 /* Assets.xcassets */; };
		94CC45202AD5B4EE00A97423 /* LaunchScreen.storyboard in Resources */ = {isa = PBXBuildFile; fileRef = 94CC451E2AD5B4EE00A97423 /* LaunchScreen.storyboard */; };
		94CC452B2AD5B4EE00A97423 /* meliapp_principalTests.swift in Sources */ = {isa = PBXBuildFile; fileRef = 94CC452A2AD5B4EE00A97423 /* meliapp_principalTests.swift */; };
		94CC45352AD5B4EE00A97423 /* meliapp_principalUITests.swift in Sources */ = {isa = PBXBuildFile; fileRef = 94CC45342AD5B4EE00A97423 /* meliapp_principalUITests.swift */; };
		94CC45372AD5B4EE00A97423 /* meliapp_principalUITestsLaunchTests.swift in Sources */ = {isa = PBXBuildFile; fileRef = 94CC45362AD5B4EE00A97423 /* meliapp_principalUITestsLaunchTests.swift */; };
/* End PBXBuildFile section */

/* Begin PBXContainerItemProxy section */
		94CC45272AD5B4EE00A97423 /* PBXContainerItemProxy */ = {
			isa = PBXContainerItemProxy;
			containerPortal = 94CC45082AD5B4EB00A97423 /* Project object */;
			proxyType = 1;
			remoteGlobalIDString = 94CC450F2AD5B4EB00A97423;
			remoteInfo = "meliapp-principal";
		};
		94CC45312AD5B4EE00A97423 /* PBXContainerItemProxy */ = {
			isa = PBXContainerItemProxy;
			containerPortal = 94CC45082AD5B4EB00A97423 /* Project object */;
			proxyType = 1;
			remoteGlobalIDString = 94CC450F2AD5B4EB00A97423;
			remoteInfo = "meliapp-principal";
		};
/* End PBXContainerItemProxy section */

/* Begin PBXFileReference section */
		94CC45102AD5B4EB00A97423 /* meliapp-principal.app */ = {isa = PBXFileReference; explicitFileType = wrapper.application; includeInIndex = 0; path = "meliapp-principal.app"; sourceTree = BUILT_PRODUCTS_DIR; };
		94CC45132AD5B4EB00A97423 /* AppDelegate.swift */ = {isa = PBXFileReference; lastKnownFileType = sourcecode.swift; path = AppDelegate.swift; sourceTree = "<group>"; };
		94CC45152AD5B4EB00A97423 /* SceneDelegate.swift */ = {isa = PBXFileReference; lastKnownFileType = sourcecode.swift; path = SceneDelegate.swift; sourceTree = "<group>"; };
		94CC45172AD5B4EB00A97423 /* ViewController.swift */ = {isa = PBXFileReference; lastKnownFileType = sourcecode.swift; path = ViewController.swift; sourceTree = "<group>"; };
		94CC451A2AD5B4EB00A97423 /* Base */ = {isa = PBXFileReference; lastKnownFileType = file.storyboard; name = Base; path = Base.lproj/Main.storyboard; sourceTree = "<group>"; };
		94CC451C2AD5B4EE00A97423 /* Assets.xcassets */ = {isa = PBXFileReference; lastKnownFileType = folder.assetcatalog; path = Assets.xcassets; sourceTree = "<group>"; };
		94CC451F2AD5B4EE00A97423 /* Base */ = {isa = PBXFileReference; lastKnownFileType = file.storyboard; name = Base; path = Base.lproj/LaunchScreen.storyboard; sourceTree = "<group>"; };
		94CC45212AD5B4EE00A97423 /* Info.plist */ = {isa = PBXFileReference; lastKnownFileType = text.plist.xml; path = Info.plist; sourceTree = "<group>"; };
		94CC45262AD5B4EE00A97423 /* meliapp-principalTests.xctest */ = {isa = PBXFileReference; explicitFileType = wrapper.cfbundle; includeInIndex = 0; path = "meliapp-principalTests.xctest"; sourceTree = BUILT_PRODUCTS_DIR; };
		94CC452A2AD5B4EE00A97423 /* meliapp_principalTests.swift */ = {isa = PBXFileReference; lastKnownFileType = sourcecode.swift; path = meliapp_principalTests.swift; sourceTree = "<group>"; };
		94CC45302AD5B4EE00A97423 /* meliapp-principalUITests.xctest */ = {isa = PBXFileReference; explicitFileType = wrapper.cfbundle; includeInIndex = 0; path = "meliapp-principalUITests.xctest"; sourceTree = BUILT_PRODUCTS_DIR; };
		94CC45342AD5B4EE00A97423 /* meliapp_principalUITests.swift */ = {isa = PBXFileReference; lastKnownFileType = sourcecode.swift; path = meliapp_principalUITests.swift; sourceTree = "<group>"; };
		94CC45362AD5B4EE00A97423 /* meliapp_principalUITestsLaunchTests.swift */ = {isa = PBXFileReference; lastKnownFileType = sourcecode.swift; path = meliapp_principalUITestsLaunchTests.swift; sourceTree = "<group>"; };
/* End PBXFileReference section */

/* Begin PBXFrameworksBuildPhase section */
		94CC450D2AD5B4EB00A97423 /* Frameworks */ = {
			isa = PBXFrameworksBuildPhase;
			buildActionMask = 2147483647;
			files = (
			);
			runOnlyForDeploymentPostprocessing = 0;
		};
		94CC45232AD5B4EE00A97423 /* Frameworks */ = {
			isa = PBXFrameworksBuildPhase;
			buildActionMask = 2147483647;
			files = (
			);
			runOnlyForDeploymentPostprocessing = 0;
		};
		94CC452D2AD5B4EE00A97423 /* Frameworks */ = {
			isa = PBXFrameworksBuildPhase;
			buildActionMask = 2147483647;
			files = (
			);
			runOnlyForDeploymentPostprocessing = 0;
		};
/* End PBXFrameworksBuildPhase section */

/* Begin PBXGroup section */
		94CC45072AD5B4EB00A97423 = {
			isa = PBXGroup;
			children = (
				94CC45122AD5B4EB00A97423 /* meliapp-principal */,
				94CC45292AD5B4EE00A97423 /* meliapp-principalTests */,
				94CC45332AD5B4EE00A97423 /* meliapp-principalUITests */,
				94CC45112AD5B4EB00A97423 /* Products */,
			);
			sourceTree = "<group>";
		};
		94CC45112AD5B4EB00A97423 /* Products */ = {
			isa = PBXGroup;
			children = (
				94CC45102AD5B4EB00A97423 /* meliapp-principal.app */,
				94CC45262AD5B4EE00A97423 /* meliapp-principalTests.xctest */,
				94CC45302AD5B4EE00A97423 /* meliapp-principalUITests.xctest */,
			);
			name = Products;
			sourceTree = "<group>";
		};
		94CC45122AD5B4EB00A97423 /* meliapp-principal */ = {
			isa = PBXGroup;
			children = (
				94CC45132AD5B4EB00A97423 /* AppDelegate.swift */,
				94CC45152AD5B4EB00A97423 /* SceneDelegate.swift */,
				94CC45172AD5B4EB00A97423 /* ViewController.swift */,
				94CC45192AD5B4EB00A97423 /* Main.storyboard */,
				94CC451C2AD5B4EE00A97423 /* Assets.xcassets */,
				94CC451E2AD5B4EE00A97423 /* LaunchScreen.storyboard */,
				94CC45212AD5B4EE00A97423 /* Info.plist */,
			);
			path = "meliapp-principal";
			sourceTree = "<group>";
		};
		94CC45292AD5B4EE00A97423 /* meliapp-principalTests */ = {
			isa = PBXGroup;
			children = (
				94CC452A2AD5B4EE00A97423 /* meliapp_principalTests.swift */,
			);
			path = "meliapp-principalTests";
			sourceTree = "<group>";
		};
		94CC45332AD5B4EE00A97423 /* meliapp-principalUITests */ = {
			isa = PBXGroup;
			children = (
				94CC45342AD5B4EE00A97423 /* meliapp_principalUITests.swift */,
				94CC45362AD5B4EE00A97423 /* meliapp_principalUITestsLaunchTests.swift */,
			);
			path = "meliapp-principalUITests";
			sourceTree = "<group>";
		};
/* End PBXGroup section */

/* Begin PBXNativeTarget section */
		94CC450F2AD5B4EB00A97423 /* meliapp-principal */ = {
			isa = PBXNativeTarget;
			buildConfigurationList = 94CC453A2AD5B4EE00A97423 /* Build configuration list for PBXNativeTarget "meliapp-principal" */;
			buildPhases = (
				94CC450C2AD5B4EB00A97423 /* Sources */,
				94CC450D2AD5B4EB00A97423 /* Frameworks */,
				94CC450E2AD5B4EB00A97423 /* Resources */,
			);
			buildRules = (
			);
			dependencies = (
			);
			name = "meliapp-principal";
			productName = "meliapp-principal";
			productReference = 94CC45102AD5B4EB00A97423 /* meliapp-principal.app */;
			productType = "com.apple.product-type.application";
		};
		94CC45252AD5B4EE00A97423 /* meliapp-principalTests */ = {
			isa = PBXNativeTarget;
			buildConfigurationList = 94CC453D2AD5B4EE00A97423 /* Build configuration list for PBXNativeTarget "meliapp-principalTests" */;
			buildPhases = (
				94CC45222AD5B4EE00A97423 /* Sources */,
				94CC45232AD5B4EE00A97423 /* Frameworks */,
				94CC45242AD5B4EE00A97423 /* Resources */,
			);
			buildRules = (
			);
			dependencies = (
				94CC45282AD5B4EE00A97423 /* PBXTargetDependency */,
			);
			name = "meliapp-principalTests";
			productName = "meliapp-principalTests";
			productReference = 94CC45262AD5B4EE00A97423 /* meliapp-principalTests.xctest */;
			productType = "com.apple.product-type.bundle.unit-test";
		};
		94CC452F2AD5B4EE00A97423 /* meliapp-principalUITests */ = {
			isa = PBXNativeTarget;
			buildConfigurationList = 94CC45402AD5B4EE00A97423 /* Build configuration list for PBXNativeTarget "meliapp-principalUITests" */;
			buildPhases = (
				94CC452C2AD5B4EE00A97423 /* Sources */,
				94CC452D2AD5B4EE00A97423 /* Frameworks */,
				94CC452E2AD5B4EE00A97423 /* Resources */,
			);
			buildRules = (
			);
			dependencies = (
				94CC45322AD5B4EE00A97423 /* PBXTargetDependency */,
			);
			name = "meliapp-principalUITests";
			productName = "meliapp-principalUITests";
			productReference = 94CC45302AD5B4EE00A97423 /* meliapp-principalUITests.xctest */;
			productType = "com.apple.product-type.bundle.ui-testing";
		};
/* End PBXNativeTarget section */

/* Begin PBXProject section */
		94CC45082AD5B4EB00A97423 /* Project object */ = {
			isa = PBXProject;
			attributes = {
				BuildIndependentTargetsInParallel = 1;
				LastSwiftUpdateCheck = 1500;
				LastUpgradeCheck = 1500;
				TargetAttributes = {
					94CC450F2AD5B4EB00A97423 = {
						CreatedOnToolsVersion = 15.0;
					};
					94CC45252AD5B4EE00A97423 = {
						CreatedOnToolsVersion = 15.0;
						TestTargetID = 94CC450F2AD5B4EB00A97423;
					};
					94CC452F2AD5B4EE00A97423 = {
						CreatedOnToolsVersion = 15.0;
						TestTargetID = 94CC450F2AD5B4EB00A97423;
					};
				};
			};
			buildConfigurationList = 94CC450B2AD5B4EB00A97423 /* Build configuration list for PBXProject "meliapp-principal" */;
			compatibilityVersion = "Xcode 14.0";
			developmentRegion = en;
			hasScannedForEncodings = 0;
			knownRegions = (
				en,
				Base,
			);
			mainGroup = 94CC45072AD5B4EB00A97423;
			productRefGroup = 94CC45112AD5B4EB00A97423 /* Products */;
			projectDirPath = "";
			projectRoot = "";
			targets = (
				94CC450F2AD5B4EB00A97423 /* meliapp-principal */,
				94CC45252AD5B4EE00A97423 /* meliapp-principalTests */,
				94CC452F2AD5B4EE00A97423 /* meliapp-principalUITests */,
			);
		};
/* End PBXProject section */

/* Begin PBXResourcesBuildPhase section */
		94CC450E2AD5B4EB00A97423 /* Resources */ = {
			isa = PBXResourcesBuildPhase;
			buildActionMask = 2147483647;
			files = (
				94CC45202AD5B4EE00A97423 /* LaunchScreen.storyboard in Resources */,
				94CC451D2AD5B4EE00A97423 /* Assets.xcassets in Resources */,
				94CC451B2AD5B4EB00A97423 /* Main.storyboard in Resources */,
			);
			runOnlyForDeploymentPostprocessing = 0;
		};
		94CC45242AD5B4EE00A97423 /* Resources */ = {
			isa = PBXResourcesBuildPhase;
			buildActionMask = 2147483647;
			files = (
			);
			runOnlyForDeploymentPostprocessing = 0;
		};
		94CC452E2AD5B4EE00A97423 /* Resources */ = {
			isa = PBXResourcesBuildPhase;
			buildActionMask = 2147483647;
			files = (
			);
			runOnlyForDeploymentPostprocessing = 0;
		};
/* End PBXResourcesBuildPhase section */

/* Begin PBXSourcesBuildPhase section */
		94CC450C2AD5B4EB00A97423 /* Sources */ = {
			isa = PBXSourcesBuildPhase;
			buildActionMask = 2147483647;
			files = (
				94CC45182AD5B4EB00A97423 /* ViewController.swift in Sources */,
				94CC45142AD5B4EB00A97423 /* AppDelegate.swift in Sources */,
				94CC45162AD5B4EB00A97423 /* SceneDelegate.swift in Sources */,
			);
			runOnlyForDeploymentPostprocessing = 0;
		};
		94CC45222AD5B4EE00A97423 /* Sources */ = {
			isa = PBXSourcesBuildPhase;
			buildActionMask = 2147483647;
			files = (
				94CC452B2AD5B4EE00A97423 /* meliapp_principalTests.swift in Sources */,
			);
			runOnlyForDeploymentPostprocessing = 0;
		};
		94CC452C2AD5B4EE00A97423 /* Sources */ = {
			isa = PBXSourcesBuildPhase;
			buildActionMask = 2147483647;
			files = (
				94CC45372AD5B4EE00A97423 /* meliapp_principalUITestsLaunchTests.swift in Sources */,
				94CC45352AD5B4EE00A97423 /* meliapp_principalUITests.swift in Sources */,
			);
			runOnlyForDeploymentPostprocessing = 0;
		};
/* End PBXSourcesBuildPhase section */

/* Begin PBXTargetDependency section */
		94CC45282AD5B4EE00A97423 /* PBXTargetDependency */ = {
			isa = PBXTargetDependency;
			target = 94CC450F2AD5B4EB00A97423 /* meliapp-principal */;
			targetProxy = 94CC45272AD5B4EE00A97423 /* PBXContainerItemProxy */;
		};
		94CC45322AD5B4EE00A97423 /* PBXTargetDependency */ = {
			isa = PBXTargetDependency;
			target = 94CC450F2AD5B4EB00A97423 /* meliapp-principal */;
			targetProxy = 94CC45312AD5B4EE00A97423 /* PBXContainerItemProxy */;
		};
/* End PBXTargetDependency section */

/* Begin PBXVariantGroup section */
		94CC45192AD5B4EB00A97423 /* Main.storyboard */ = {
			isa = PBXVariantGroup;
			children = (
				94CC451A2AD5B4EB00A97423 /* Base */,
			);
			name = Main.storyboard;
			sourceTree = "<group>";
		};
		94CC451E2AD5B4EE00A97423 /* LaunchScreen.storyboard */ = {
			isa = PBXVariantGroup;
			children = (
				94CC451F2AD5B4EE00A97423 /* Base */,
			);
			name = LaunchScreen.storyboard;
			sourceTree = "<group>";
		};
/* End PBXVariantGroup section */

/* Begin XCBuildConfiguration section */
		94CC45382AD5B4EE00A97423 /* Debug */ = {
			isa = XCBuildConfiguration;
			buildSettings = {
				ALWAYS_SEARCH_USER_PATHS = NO;
				ASSETCATALOG_COMPILER_GENERATE_SWIFT_ASSET_SYMBOL_EXTENSIONS = YES;
				CLANG_ANALYZER_NONNULL = YES;
				CLANG_ANALYZER_NUMBER_OBJECT_CONVERSION = YES_AGGRESSIVE;
				CLANG_CXX_LANGUAGE_STANDARD = "gnu++20";
				CLANG_ENABLE_MODULES = YES;
				CLANG_ENABLE_OBJC_ARC = YES;
				CLANG_ENABLE_OBJC_WEAK = YES;
				CLANG_WARN_BLOCK_CAPTURE_AUTORELEASING = YES;
				CLANG_WARN_BOOL_CONVERSION = YES;
				CLANG_WARN_COMMA = YES;
				CLANG_WARN_CONSTANT_CONVERSION = YES;
				CLANG_WARN_DEPRECATED_OBJC_IMPLEMENTATIONS = YES;
				CLANG_WARN_DIRECT_OBJC_ISA_USAGE = YES_ERROR;
				CLANG_WARN_DOCUMENTATION_COMMENTS = YES;
				CLANG_WARN_EMPTY_BODY = YES;
				CLANG_WARN_ENUM_CONVERSION = YES;
				CLANG_WARN_INFINITE_RECURSION = YES;
				CLANG_WARN_INT_CONVERSION = YES;
				CLANG_WARN_NON_LITERAL_NULL_CONVERSION = YES;
				CLANG_WARN_OBJC_IMPLICIT_RETAIN_SELF = YES;
				CLANG_WARN_OBJC_LITERAL_CONVERSION = YES;
				CLANG_WARN_OBJC_ROOT_CLASS = YES_ERROR;
				CLANG_WARN_QUOTED_INCLUDE_IN_FRAMEWORK_HEADER = YES;
				CLANG_WARN_RANGE_LOOP_ANALYSIS = YES;
				CLANG_WARN_STRICT_PROTOTYPES = YES;
				CLANG_WARN_SUSPICIOUS_MOVE = YES;
				CLANG_WARN_UNGUARDED_AVAILABILITY = YES_AGGRESSIVE;
				CLANG_WARN_UNREACHABLE_CODE = YES;
				CLANG_WARN__DUPLICATE_METHOD_MATCH = YES;
				COPY_PHASE_STRIP = NO;
				DEBUG_INFORMATION_FORMAT = dwarf;
				ENABLE_STRICT_OBJC_MSGSEND = YES;
				ENABLE_TESTABILITY = YES;
				ENABLE_USER_SCRIPT_SANDBOXING = YES;
				GCC_C_LANGUAGE_STANDARD = gnu17;
				GCC_DYNAMIC_NO_PIC = NO;
				GCC_NO_COMMON_BLOCKS = YES;
				GCC_OPTIMIZATION_LEVEL = 0;
				GCC_PREPROCESSOR_DEFINITIONS = (
					"DEBUG=1",
					"$(inherited)",
				);
				GCC_WARN_64_TO_32_BIT_CONVERSION = YES;
				GCC_WARN_ABOUT_RETURN_TYPE = YES_ERROR;
				GCC_WARN_UNDECLARED_SELECTOR = YES;
				GCC_WARN_UNINITIALIZED_AUTOS = YES_AGGRESSIVE;
				GCC_WARN_UNUSED_FUNCTION = YES;
				GCC_WARN_UNUSED_VARIABLE = YES;
				IPHONEOS_DEPLOYMENT_TARGET = 17.0;
				LOCALIZATION_PREFERS_STRING_CATALOGS = YES;
				MTL_ENABLE_DEBUG_INFO = INCLUDE_SOURCE;
				MTL_FAST_MATH = YES;
				ONLY_ACTIVE_ARCH = YES;
				SDKROOT = iphoneos;
				SWIFT_ACTIVE_COMPILATION_CONDITIONS = "DEBUG $(inherited)";
				SWIFT_OPTIMIZATION_LEVEL = "-Onone";
			};
			name = Debug;
		};
		94CC45392AD5B4EE00A97423 /* Release */ = {
			isa = XCBuildConfiguration;
			buildSettings = {
				ALWAYS_SEARCH_USER_PATHS = NO;
				ASSETCATALOG_COMPILER_GENERATE_SWIFT_ASSET_SYMBOL_EXTENSIONS = YES;
				CLANG_ANALYZER_NONNULL = YES;
				CLANG_ANALYZER_NUMBER_OBJECT_CONVERSION = YES_AGGRESSIVE;
				CLANG_CXX_LANGUAGE_STANDARD = "gnu++20";
				CLANG_ENABLE_MODULES = YES;
				CLANG_ENABLE_OBJC_ARC = YES;
				CLANG_ENABLE_OBJC_WEAK = YES;
				CLANG_WARN_BLOCK_CAPTURE_AUTORELEASING = YES;
				CLANG_WARN_BOOL_CONVERSION = YES;
				CLANG_WARN_COMMA = YES;
				CLANG_WARN_CONSTANT_CONVERSION = YES;
				CLANG_WARN_DEPRECATED_OBJC_IMPLEMENTATIONS = YES;
				CLANG_WARN_DIRECT_OBJC_ISA_USAGE = YES_ERROR;
				CLANG_WARN_DOCUMENTATION_COMMENTS = YES;
				CLANG_WARN_EMPTY_BODY = YES;
				CLANG_WARN_ENUM_CONVERSION = YES;
				CLANG_WARN_INFINITE_RECURSION = YES;
				CLANG_WARN_INT_CONVERSION = YES;
				CLANG_WARN_NON_LITERAL_NULL_CONVERSION = YES;
				CLANG_WARN_OBJC_IMPLICIT_RETAIN_SELF = YES;
				CLANG_WARN_OBJC_LITERAL_CONVERSION = YES;
				CLANG_WARN_OBJC_ROOT_CLASS = YES_ERROR;
				CLANG_WARN_QUOTED_INCLUDE_IN_FRAMEWORK_HEADER = YES;
				CLANG_WARN_RANGE_LOOP_ANALYSIS = YES;
				CLANG_WARN_STRICT_PROTOTYPES = YES;
				CLANG_WARN_SUSPICIOUS_MOVE = YES;
				CLANG_WARN_UNGUARDED_AVAILABILITY = YES_AGGRESSIVE;
				CLANG_WARN_UNREACHABLE_CODE = YES;
				CLANG_WARN__DUPLICATE_METHOD_MATCH = YES;
				COPY_PHASE_STRIP = NO;
				DEBUG_INFORMATION_FORMAT = "dwarf-with-dsym";
				ENABLE_NS_ASSERTIONS = NO;
				ENABLE_STRICT_OBJC_MSGSEND = YES;
				ENABLE_USER_SCRIPT_SANDBOXING = YES;
				GCC_C_LANGUAGE_STANDARD = gnu17;
				GCC_NO_COMMON_BLOCKS = YES;
				GCC_WARN_64_TO_32_BIT_CONVERSION = YES;
				GCC_WARN_ABOUT_RETURN_TYPE = YES_ERROR;
				GCC_WARN_UNDECLARED_SELECTOR = YES;
				GCC_WARN_UNINITIALIZED_AUTOS = YES_AGGRESSIVE;
				GCC_WARN_UNUSED_FUNCTION = YES;
				GCC_WARN_UNUSED_VARIABLE = YES;
				IPHONEOS_DEPLOYMENT_TARGET = 17.0;
				LOCALIZATION_PREFERS_STRING_CATALOGS = YES;
				MTL_ENABLE_DEBUG_INFO = NO;
				MTL_FAST_MATH = YES;
				SDKROOT = iphoneos;
				SWIFT_COMPILATION_MODE = wholemodule;
				VALIDATE_PRODUCT = YES;
			};
			name = Release;
		};
		94CC453B2AD5B4EE00A97423 /* Debug */ = {
			isa = XCBuildConfiguration;
			buildSettings = {
				ASSETCATALOG_COMPILER_APPICON_NAME = AppIcon;
				ASSETCATALOG_COMPILER_GLOBAL_ACCENT_COLOR_NAME = AccentColor;
				CODE_SIGN_STYLE = Automatic;
				CURRENT_PROJECT_VERSION = 1;
				DEVELOPMENT_TEAM = 65VSGS267M;
				GENERATE_INFOPLIST_FILE = YES;
				INFOPLIST_FILE = "meliapp-principal/Info.plist";
				INFOPLIST_KEY_UIApplicationSupportsIndirectInputEvents = YES;
				INFOPLIST_KEY_UILaunchStoryboardName = LaunchScreen;
				INFOPLIST_KEY_UIMainStoryboardFile = Main;
				INFOPLIST_KEY_UISupportedInterfaceOrientations_iPad = "UIInterfaceOrientationPortrait UIInterfaceOrientationPortraitUpsideDown UIInterfaceOrientationLandscapeLeft UIInterfaceOrientationLandscapeRight";
				INFOPLIST_KEY_UISupportedInterfaceOrientations_iPhone = "UIInterfaceOrientationPortrait UIInterfaceOrientationLandscapeLeft UIInterfaceOrientationLandscapeRight";
				LD_RUNPATH_SEARCH_PATHS = (
					"$(inherited)",
					"@executable_path/Frameworks",
				);
				MARKETING_VERSION = 1.0;
				PRODUCT_BUNDLE_IDENTIFIER = "geniusoft.meliapp-principal";
				PRODUCT_NAME = "$(TARGET_NAME)";
				SWIFT_EMIT_LOC_STRINGS = YES;
				SWIFT_VERSION = 5.0;
				TARGETED_DEVICE_FAMILY = "1,2";
			};
			name = Debug;
		};
		94CC453C2AD5B4EE00A97423 /* Release */ = {
			isa = XCBuildConfiguration;
			buildSettings = {
				ASSETCATALOG_COMPILER_APPICON_NAME = AppIcon;
				ASSETCATALOG_COMPILER_GLOBAL_ACCENT_COLOR_NAME = AccentColor;
				CODE_SIGN_STYLE = Automatic;
				CURRENT_PROJECT_VERSION = 1;
				DEVELOPMENT_TEAM = 65VSGS267M;
				GENERATE_INFOPLIST_FILE = YES;
				INFOPLIST_FILE = "meliapp-principal/Info.plist";
				INFOPLIST_KEY_UIApplicationSupportsIndirectInputEvents = YES;
				INFOPLIST_KEY_UILaunchStoryboardName = LaunchScreen;
				INFOPLIST_KEY_UIMainStoryboardFile = Main;
				INFOPLIST_KEY_UISupportedInterfaceOrientations_iPad = "UIInterfaceOrientationPortrait UIInterfaceOrientationPortraitUpsideDown UIInterfaceOrientationLandscapeLeft UIInterfaceOrientationLandscapeRight";
				INFOPLIST_KEY_UISupportedInterfaceOrientations_iPhone = "UIInterfaceOrientationPortrait UIInterfaceOrientationLandscapeLeft UIInterfaceOrientationLandscapeRight";
				LD_RUNPATH_SEARCH_PATHS = (
					"$(inherited)",
					"@executable_path/Frameworks",
				);
				MARKETING_VERSION = 1.0;
				PRODUCT_BUNDLE_IDENTIFIER = "geniusoft.meliapp-principal";
				PRODUCT_NAME = "$(TARGET_NAME)";
				SWIFT_EMIT_LOC_STRINGS = YES;
				SWIFT_VERSION = 5.0;
				TARGETED_DEVICE_FAMILY = "1,2";
			};
			name = Release;
		};
		94CC453E2AD5B4EE00A97423 /* Debug */ = {
			isa = XCBuildConfiguration;
			buildSettings = {
				ALWAYS_EMBED_SWIFT_STANDARD_LIBRARIES = YES;
				BUNDLE_LOADER = "$(TEST_HOST)";
				CODE_SIGN_STYLE = Automatic;
				CURRENT_PROJECT_VERSION = 1;
				DEVELOPMENT_TEAM = 65VSGS267M;
				GENERATE_INFOPLIST_FILE = YES;
				IPHONEOS_DEPLOYMENT_TARGET = 17.0;
				MARKETING_VERSION = 1.0;
				PRODUCT_BUNDLE_IDENTIFIER = "geniusoft.meliapp-principalTests";
				PRODUCT_NAME = "$(TARGET_NAME)";
				SWIFT_EMIT_LOC_STRINGS = NO;
				SWIFT_VERSION = 5.0;
				TARGETED_DEVICE_FAMILY = "1,2";
				TEST_HOST = "$(BUILT_PRODUCTS_DIR)/meliapp-principal.app/$(BUNDLE_EXECUTABLE_FOLDER_PATH)/meliapp-principal";
			};
			name = Debug;
		};
		94CC453F2AD5B4EE00A97423 /* Release */ = {
			isa = XCBuildConfiguration;
			buildSettings = {
				ALWAYS_EMBED_SWIFT_STANDARD_LIBRARIES = YES;
				BUNDLE_LOADER = "$(TEST_HOST)";
				CODE_SIGN_STYLE = Automatic;
				CURRENT_PROJECT_VERSION = 1;
				DEVELOPMENT_TEAM = 65VSGS267M;
				GENERATE_INFOPLIST_FILE = YES;
				IPHONEOS_DEPLOYMENT_TARGET = 17.0;
				MARKETING_VERSION = 1.0;
				PRODUCT_BUNDLE_IDENTIFIER = "geniusoft.meliapp-principalTests";
				PRODUCT_NAME = "$(TARGET_NAME)";
				SWIFT_EMIT_LOC_STRINGS = NO;
				SWIFT_VERSION = 5.0;
				TARGETED_DEVICE_FAMILY = "1,2";
				TEST_HOST = "$(BUILT_PRODUCTS_DIR)/meliapp-principal.app/$(BUNDLE_EXECUTABLE_FOLDER_PATH)/meliapp-principal";
			};
			name = Release;
		};
		94CC45412AD5B4EE00A97423 /* Debug */ = {
			isa = XCBuildConfiguration;
			buildSettings = {
				ALWAYS_EMBED_SWIFT_STANDARD_LIBRARIES = YES;
				CODE_SIGN_STYLE = Automatic;
				CURRENT_PROJECT_VERSION = 1;
				DEVELOPMENT_TEAM = 65VSGS267M;
				GENERATE_INFOPLIST_FILE = YES;
				MARKETING_VERSION = 1.0;
				PRODUCT_BUNDLE_IDENTIFIER = "geniusoft.meliapp-principalUITests";
				PRODUCT_NAME = "$(TARGET_NAME)";
				SWIFT_EMIT_LOC_STRINGS = NO;
				SWIFT_VERSION = 5.0;
				TARGETED_DEVICE_FAMILY = "1,2";
				TEST_TARGET_NAME = "meliapp-principal";
			};
			name = Debug;
		};
		94CC45422AD5B4EE00A97423 /* Release */ = {
			isa = XCBuildConfiguration;
			buildSettings = {
				ALWAYS_EMBED_SWIFT_STANDARD_LIBRARIES = YES;
				CODE_SIGN_STYLE = Automatic;
				CURRENT_PROJECT_VERSION = 1;
				DEVELOPMENT_TEAM = 65VSGS267M;
				GENERATE_INFOPLIST_FILE = YES;
				MARKETING_VERSION = 1.0;
				PRODUCT_BUNDLE_IDENTIFIER = "geniusoft.meliapp-principalUITests";
				PRODUCT_NAME = "$(TARGET_NAME)";
				SWIFT_EMIT_LOC_STRINGS = NO;
				SWIFT_VERSION = 5.0;
				TARGETED_DEVICE_FAMILY = "1,2";
				TEST_TARGET_NAME = "meliapp-principal";
			};
			name = Release;
		};
/* End XCBuildConfiguration section */

/* Begin XCConfigurationList section */
		94CC450B2AD5B4EB00A97423 /* Build configuration list for PBXProject "meliapp-principal" */ = {
			isa = XCConfigurationList;
			buildConfigurations = (
				94CC45382AD5B4EE00A97423 /* Debug */,
				94CC45392AD5B4EE00A97423 /* Release */,
			);
			defaultConfigurationIsVisible = 0;
			defaultConfigurationName = Release;
		};
		94CC453A2AD5B4EE00A97423 /* Build configuration list for PBXNativeTarget "meliapp-principal" */ = {
			isa = XCConfigurationList;
			buildConfigurations = (
				94CC453B2AD5B4EE00A97423 /* Debug */,
				94CC453C2AD5B4EE00A97423 /* Release */,
			);
			defaultConfigurationIsVisible = 0;
			defaultConfigurationName = Release;
		};
		94CC453D2AD5B4EE00A97423 /* Build configuration list for PBXNativeTarget "meliapp-principalTests" */ = {
			isa = XCConfigurationList;
			buildConfigurations = (
				94CC453E2AD5B4EE00A97423 /* Debug */,
				94CC453F2AD5B4EE00A97423 /* Release */,
			);
			defaultConfigurationIsVisible = 0;
			defaultConfigurationName = Release;
		};
		94CC45402AD5B4EE00A97423 /* Build configuration list for PBXNativeTarget "meliapp-principalUITests" */ = {
			isa = XCConfigurationList;
			buildConfigurations = (
				94CC45412AD5B4EE00A97423 /* Debug */,
				94CC45422AD5B4EE00A97423 /* Release */,
			);
			defaultConfigurationIsVisible = 0;
			defaultConfigurationName = Release;
		};
/* End XCConfigurationList section */
	};
	rootObject = 94CC45082AD5B4EB00A97423 /* Project object */;
}
